
Microsoft Visual Studio Solution File, Format Version 12.00
# Visual Studio 2012
Project("{FAE04EC0-301F-11D3-BF4B-00C04F79EFBC}") = "LotteryNew", "LotteryNew\LotteryNew.csproj", "{B40AAE9F-A06F-46E0-9FA5-783DA390D45E}"
EndProject
Global
	GlobalSection(SolutionConfigurationPlatforms) = preSolution
		Debug|Any CPU = Debug|Any CPU
		Release|Any CPU = Release|Any CPU
	EndGlobalSection
	GlobalSection(ProjectConfigurationPlatforms) = postSolution
		{B40AAE9F-A06F-46E0-9FA5-783DA390D45E}.Debug|Any CPU.ActiveCfg = Debug|Any CPU
		{B40AAE9F-A06F-46E0-9FA5-783DA390D45E}.Debug|Any CPU.Build.0 = Debug|Any CPU
		{B40AAE9F-A06F-46E0-9FA5-783DA390D45E}.Release|Any CPU.ActiveCfg = Release|Any CPU
		{B40AAE9F-A06F-46E0-9FA5-783DA390D45E}.Release|Any CPU.Build.0 = Release|Any CPU
	EndGlobalSection
	GlobalSection(SolutionProperties) = preSolution
		HideSolutionNode = FALSE
	EndGlobalSection
EndGlobal
